
Microsoft Visual Studio Solution File, Format Version 12.00
# Visual Studio Version 17
VisualStudioVersion = 17.13.35825.156 d17.13
MinimumVisualStudioVersion = 10.0.40219.1
Project("{FAE04EC0-301F-11D3-BF4B-00C04F79EFBC}") = "CafeSistem.WinForms", "..\CafeSistem.WinForms\CafeSistem.WinForms.csproj", "{0B9A585D-33D5-4143-9FD1-2ABAC61CA51C}"
EndProject
Project("{FAE04EC0-301F-11D3-BF4B-00C04F79EFBC}") = "CafeSistem.Entities", "..\CafeSistem.Entities\CafeSistem.Entities.csproj", "{E8B9ECBF-C467-45AC-8326-E76F1D660C43}"
EndProject
Global
	GlobalSection(SolutionConfigurationPlatforms) = preSolution
		Debug|Any CPU = Debug|Any CPU
		Release|Any CPU = Release|Any CPU
	EndGlobalSection
	GlobalSection(ProjectConfigurationPlatforms) = postSolution
		{0B9A585D-33D5-4143-9FD1-2ABAC61CA51C}.Debug|Any CPU.ActiveCfg = Debug|Any CPU
		{0B9A585D-33D5-4143-9FD1-2ABAC61CA51C}.Debug|Any CPU.Build.0 = Debug|Any CPU
		{0B9A585D-33D5-4143-9FD1-2ABAC61CA51C}.Release|Any CPU.ActiveCfg = Release|Any CPU
		{0B9A585D-33D5-4143-9FD1-2ABAC61CA51C}.Release|Any CPU.Build.0 = Release|Any CPU
		{E8B9ECBF-C467-45AC-8326-E76F1D660C43}.Debug|Any CPU.ActiveCfg = Debug|Any CPU
		{E8B9ECBF-C467-45AC-8326-E76F1D660C43}.Debug|Any CPU.Build.0 = Debug|Any CPU
		{E8B9ECBF-C467-45AC-8326-E76F1D660C43}.Release|Any CPU.ActiveCfg = Release|Any CPU
		{E8B9ECBF-C467-45AC-8326-E76F1D660C43}.Release|Any CPU.Build.0 = Release|Any CPU
	EndGlobalSection
	GlobalSection(SolutionProperties) = preSolution
		HideSolutionNode = FALSE
	EndGlobalSection
	GlobalSection(ExtensibilityGlobals) = postSolution
		SolutionGuid = {55AEC9AD-EEAB-4604-9B2D-D7C4595FFCDB}
	EndGlobalSection
EndGlobal
